
Microsoft Visual Studio Solution File, Format Version 12.00
# Visual Studio Version 16
VisualStudioVersion = 16.0.31613.86
MinimumVisualStudioVersion = 10.0.40219.1
Project("{FAE04EC0-301F-11D3-BF4B-00C04F79EFBC}") = "Vista", "Vista\Vista.csproj", "{31298F98-9227-4B17-81E2-33662E6C6376}"
EndProject
Project("{FAE04EC0-301F-11D3-BF4B-00C04F79EFBC}") = "Biblioteca", "Biblioteca\Biblioteca.csproj", "{B40F5BE1-899B-452F-8F88-658A295D37CA}"
EndProject
Global
	GlobalSection(SolutionConfigurationPlatforms) = preSolution
		Debug|Any CPU = Debug|Any CPU
		Release|Any CPU = Release|Any CPU
	EndGlobalSection
	GlobalSection(ProjectConfigurationPlatforms) = postSolution
		{31298F98-9227-4B17-81E2-33662E6C6376}.Debug|Any CPU.ActiveCfg = Debug|Any CPU
		{31298F98-9227-4B17-81E2-33662E6C6376}.Debug|Any CPU.Build.0 = Debug|Any CPU
		{31298F98-9227-4B17-81E2-33662E6C6376}.Release|Any CPU.ActiveCfg = Release|Any CPU
		{31298F98-9227-4B17-81E2-33662E6C6376}.Release|Any CPU.Build.0 = Release|Any CPU
		{B40F5BE1-899B-452F-8F88-658A295D37CA}.Debug|Any CPU.ActiveCfg = Debug|Any CPU
		{B40F5BE1-899B-452F-8F88-658A295D37CA}.Debug|Any CPU.Build.0 = Debug|Any CPU
		{B40F5BE1-899B-452F-8F88-658A295D37CA}.Release|Any CPU.ActiveCfg = Release|Any CPU
		{B40F5BE1-899B-452F-8F88-658A295D37CA}.Release|Any CPU.Build.0 = Release|Any CPU
	EndGlobalSection
	GlobalSection(SolutionProperties) = preSolution
		HideSolutionNode = FALSE
	EndGlobalSection
	GlobalSection(ExtensibilityGlobals) = postSolution
		SolutionGuid = {0EBB9EA5-CAA2-4591-9124-FA2EDB6E3CAC}
	EndGlobalSection
EndGlobal
