
Microsoft Visual Studio Solution File, Format Version 12.00
# Visual Studio Version 16
VisualStudioVersion = 16.0.31613.86
MinimumVisualStudioVersion = 10.0.40219.1
Project("{FAE04EC0-301F-11D3-BF4B-00C04F79EFBC}") = "Vista", "Vista\Vista.csproj", "{C76C385D-DD5A-4EAF-9754-593E2F20E985}"
EndProject
Project("{FAE04EC0-301F-11D3-BF4B-00C04F79EFBC}") = "Biblioteca", "Biblioteca\Biblioteca.csproj", "{213D8602-2379-4871-8C84-186BEBDB7F73}"
EndProject
Global
	GlobalSection(SolutionConfigurationPlatforms) = preSolution
		Debug|Any CPU = Debug|Any CPU
		Release|Any CPU = Release|Any CPU
	EndGlobalSection
	GlobalSection(ProjectConfigurationPlatforms) = postSolution
		{C76C385D-DD5A-4EAF-9754-593E2F20E985}.Debug|Any CPU.ActiveCfg = Debug|Any CPU
		{C76C385D-DD5A-4EAF-9754-593E2F20E985}.Debug|Any CPU.Build.0 = Debug|Any CPU
		{C76C385D-DD5A-4EAF-9754-593E2F20E985}.Release|Any CPU.ActiveCfg = Release|Any CPU
		{C76C385D-DD5A-4EAF-9754-593E2F20E985}.Release|Any CPU.Build.0 = Release|Any CPU
		{213D8602-2379-4871-8C84-186BEBDB7F73}.Debug|Any CPU.ActiveCfg = Debug|Any CPU
		{213D8602-2379-4871-8C84-186BEBDB7F73}.Debug|Any CPU.Build.0 = Debug|Any CPU
		{213D8602-2379-4871-8C84-186BEBDB7F73}.Release|Any CPU.ActiveCfg = Release|Any CPU
		{213D8602-2379-4871-8C84-186BEBDB7F73}.Release|Any CPU.Build.0 = Release|Any CPU
	EndGlobalSection
	GlobalSection(SolutionProperties) = preSolution
		HideSolutionNode = FALSE
	EndGlobalSection
	GlobalSection(ExtensibilityGlobals) = postSolution
		SolutionGuid = {A4866CB9-7706-47B1-99DE-6E256D8A945C}
	EndGlobalSection
EndGlobal
