
Microsoft Visual Studio Solution File, Format Version 12.00
# Visual Studio Version 16
VisualStudioVersion = 16.0.31613.86
MinimumVisualStudioVersion = 10.0.40219.1
Project("{FAE04EC0-301F-11D3-BF4B-00C04F79EFBC}") = "Vista", "Vista\Vista.csproj", "{E822D4EB-9C1B-453D-A3F0-AAB0A53D60D6}"
EndProject
Project("{FAE04EC0-301F-11D3-BF4B-00C04F79EFBC}") = "Biblioteca", "Biblioteca\Biblioteca.csproj", "{40500E10-9FCA-4B8E-A1A1-FA17EE324144}"
EndProject
Global
	GlobalSection(SolutionConfigurationPlatforms) = preSolution
		Debug|Any CPU = Debug|Any CPU
		Release|Any CPU = Release|Any CPU
	EndGlobalSection
	GlobalSection(ProjectConfigurationPlatforms) = postSolution
		{E822D4EB-9C1B-453D-A3F0-AAB0A53D60D6}.Debug|Any CPU.ActiveCfg = Debug|Any CPU
		{E822D4EB-9C1B-453D-A3F0-AAB0A53D60D6}.Debug|Any CPU.Build.0 = Debug|Any CPU
		{E822D4EB-9C1B-453D-A3F0-AAB0A53D60D6}.Release|Any CPU.ActiveCfg = Release|Any CPU
		{E822D4EB-9C1B-453D-A3F0-AAB0A53D60D6}.Release|Any CPU.Build.0 = Release|Any CPU
		{40500E10-9FCA-4B8E-A1A1-FA17EE324144}.Debug|Any CPU.ActiveCfg = Debug|Any CPU
		{40500E10-9FCA-4B8E-A1A1-FA17EE324144}.Debug|Any CPU.Build.0 = Debug|Any CPU
		{40500E10-9FCA-4B8E-A1A1-FA17EE324144}.Release|Any CPU.ActiveCfg = Release|Any CPU
		{40500E10-9FCA-4B8E-A1A1-FA17EE324144}.Release|Any CPU.Build.0 = Release|Any CPU
	EndGlobalSection
	GlobalSection(SolutionProperties) = preSolution
		HideSolutionNode = FALSE
	EndGlobalSection
	GlobalSection(ExtensibilityGlobals) = postSolution
		SolutionGuid = {65290DAD-3332-4FBC-978D-980B9838D35C}
	EndGlobalSection
EndGlobal
